
Microsoft Visual Studio Solution File, Format Version 12.00
# Visual Studio Version 17
VisualStudioVersion = 17.12.35707.178
MinimumVisualStudioVersion = 10.0.40219.1
Project("{2150E333-8FDC-42A3-9474-1A3956D46DE8}") = "Tests", "Tests", "{1E605BB2-C1D2-4A89-8F55-2A38351DCAEC}"
EndProject
Project("{FAE04EC0-301F-11D3-BF4B-00C04F79EFBC}") = "Domain", "Domain\Domain.csproj", "{918C2B5C-CBA9-4454-A841-5E67A98A47D8}"
EndProject
Project("{FAE04EC0-301F-11D3-BF4B-00C04F79EFBC}") = "Infrastructure", "Infrastructure\Infrastructure.csproj", "{6AA0D7FD-AC17-433E-AB4B-CD66CE12FD08}"
EndProject
Project("{FAE04EC0-301F-11D3-BF4B-00C04F79EFBC}") = "Application", "Application\Application.csproj", "{F7141F00-64D9-4202-BAC9-5A4370D20552}"
EndProject
Project("{FAE04EC0-301F-11D3-BF4B-00C04F79EFBC}") = "API", "API\API.csproj", "{593498C1-D546-4398-A703-5EAA4544CE95}"
EndProject
Project("{FAE04EC0-301F-11D3-BF4B-00C04F79EFBC}") = "Tests", "Tests\Tests.csproj", "{79039008-2204-4002-AEB8-99DB315EA55F}"
EndProject
Global
	GlobalSection(SolutionConfigurationPlatforms) = preSolution
		Debug|Any CPU = Debug|Any CPU
		Release|Any CPU = Release|Any CPU
	EndGlobalSection
	GlobalSection(ProjectConfigurationPlatforms) = postSolution
		{918C2B5C-CBA9-4454-A841-5E67A98A47D8}.Debug|Any CPU.ActiveCfg = Debug|Any CPU
		{918C2B5C-CBA9-4454-A841-5E67A98A47D8}.Debug|Any CPU.Build.0 = Debug|Any CPU
		{918C2B5C-CBA9-4454-A841-5E67A98A47D8}.Release|Any CPU.ActiveCfg = Release|Any CPU
		{918C2B5C-CBA9-4454-A841-5E67A98A47D8}.Release|Any CPU.Build.0 = Release|Any CPU
		{6AA0D7FD-AC17-433E-AB4B-CD66CE12FD08}.Debug|Any CPU.ActiveCfg = Debug|Any CPU
		{6AA0D7FD-AC17-433E-AB4B-CD66CE12FD08}.Debug|Any CPU.Build.0 = Debug|Any CPU
		{6AA0D7FD-AC17-433E-AB4B-CD66CE12FD08}.Release|Any CPU.ActiveCfg = Release|Any CPU
		{6AA0D7FD-AC17-433E-AB4B-CD66CE12FD08}.Release|Any CPU.Build.0 = Release|Any CPU
		{F7141F00-64D9-4202-BAC9-5A4370D20552}.Debug|Any CPU.ActiveCfg = Debug|Any CPU
		{F7141F00-64D9-4202-BAC9-5A4370D20552}.Debug|Any CPU.Build.0 = Debug|Any CPU
		{F7141F00-64D9-4202-BAC9-5A4370D20552}.Release|Any CPU.ActiveCfg = Release|Any CPU
		{F7141F00-64D9-4202-BAC9-5A4370D20552}.Release|Any CPU.Build.0 = Release|Any CPU
		{593498C1-D546-4398-A703-5EAA4544CE95}.Debug|Any CPU.ActiveCfg = Debug|Any CPU
		{593498C1-D546-4398-A703-5EAA4544CE95}.Debug|Any CPU.Build.0 = Debug|Any CPU
		{593498C1-D546-4398-A703-5EAA4544CE95}.Release|Any CPU.ActiveCfg = Release|Any CPU
		{593498C1-D546-4398-A703-5EAA4544CE95}.Release|Any CPU.Build.0 = Release|Any CPU
		{79039008-2204-4002-AEB8-99DB315EA55F}.Debug|Any CPU.ActiveCfg = Debug|Any CPU
		{79039008-2204-4002-AEB8-99DB315EA55F}.Debug|Any CPU.Build.0 = Debug|Any CPU
		{79039008-2204-4002-AEB8-99DB315EA55F}.Release|Any CPU.ActiveCfg = Release|Any CPU
		{79039008-2204-4002-AEB8-99DB315EA55F}.Release|Any CPU.Build.0 = Release|Any CPU
	EndGlobalSection
	GlobalSection(SolutionProperties) = preSolution
		HideSolutionNode = FALSE
	EndGlobalSection
EndGlobal
